
Microsoft Visual Studio Solution File, Format Version 12.00
# Visual Studio Version 17
VisualStudioVersion = 17.5.002.0
MinimumVisualStudioVersion = 10.0.40219.1
Project("{9A19103F-16F7-4668-BE54-9A1E7A4F7556}") = "asw", "asw.csproj", "{CDA3501A-5E0D-4F92-BA1D-BBDFB4D320F7}"
EndProject
Global
	GlobalSection(SolutionConfigurationPlatforms) = preSolution
		Debug|Any CPU = Debug|Any CPU
		Release|Any CPU = Release|Any CPU
	EndGlobalSection
	GlobalSection(ProjectConfigurationPlatforms) = postSolution
		{CDA3501A-5E0D-4F92-BA1D-BBDFB4D320F7}.Debug|Any CPU.ActiveCfg = Debug|Any CPU
		{CDA3501A-5E0D-4F92-BA1D-BBDFB4D320F7}.Debug|Any CPU.Build.0 = Debug|Any CPU
		{CDA3501A-5E0D-4F92-BA1D-BBDFB4D320F7}.Release|Any CPU.ActiveCfg = Release|Any CPU
		{CDA3501A-5E0D-4F92-BA1D-BBDFB4D320F7}.Release|Any CPU.Build.0 = Release|Any CPU
	EndGlobalSection
	GlobalSection(SolutionProperties) = preSolution
		HideSolutionNode = FALSE
	EndGlobalSection
	GlobalSection(ExtensibilityGlobals) = postSolution
		SolutionGuid = {6DF9E954-521D-4DD1-8186-BD7A522B66B5}
	EndGlobalSection
EndGlobal
